
Microsoft Visual Studio Solution File, Format Version 12.00
# Visual Studio Version 17
VisualStudioVersion = 17.7.34018.315
MinimumVisualStudioVersion = 10.0.40219.1
Project("{9A19103F-16F7-4668-BE54-9A1E7A4F7556}") = "MSS.WLIM.API", "MSS.WLIM.API.csproj", "{B0875744-257A-4186-9D35-78B3970275F7}"
EndProject
Project("{9A19103F-16F7-4668-BE54-9A1E7A4F7556}") = "MSS.WLIM.DataServices", "MSS.WLIM.DataServices\MSS.WLIM.DataServices.csproj", "{7134710D-A5E1-4D5A-A742-885828DD5E09}"
EndProject
Project("{9A19103F-16F7-4668-BE54-9A1E7A4F7556}") = "MSS.WLIM.Department.API", "MSS.WLIM.Department.API\MSS.WLIM.Department.API.csproj", "{EF744491-70F1-47FD-A1A0-286D5DCBFD22}"
EndProject
Project("{9A19103F-16F7-4668-BE54-9A1E7A4F7556}") = "MSS.WLIM.Designation.API", "MSS.WLIM.Designation.API\MSS.WLIM.Designation.API.csproj", "{6B914C91-B0D5-4B90-B861-66BE67500544}"
EndProject
Project("{9A19103F-16F7-4668-BE54-9A1E7A4F7556}") = "MSS.WLIM.Login.API", "MSS.WLIM.Login.API\MSS.WLIM.Login.API.csproj", "{7C8F8ACC-5534-4814-8CE6-2F6738AF665C}"
EndProject
Project("{9A19103F-16F7-4668-BE54-9A1E7A4F7556}") = "MSS.WLIM.Role.API", "MSS.WLIM.Role.API\MSS.WLIM.Role.API.csproj", "{DDE0EAF9-6E6D-481F-B671-2B7BFB31AE2C}"
EndProject
Project("{9A19103F-16F7-4668-BE54-9A1E7A4F7556}") = "MSS.WLIM.User.API", "MSS.WLIM.User.API\MSS.WLIM.User.API.csproj", "{2F7FB3B3-C50F-4DBE-8C05-F7A91B6F8415}"
EndProject
Global
	GlobalSection(SolutionConfigurationPlatforms) = preSolution
		Debug|Any CPU = Debug|Any CPU
		Release|Any CPU = Release|Any CPU
	EndGlobalSection
	GlobalSection(ProjectConfigurationPlatforms) = postSolution
		{B0875744-257A-4186-9D35-78B3970275F7}.Debug|Any CPU.ActiveCfg = Debug|Any CPU
		{B0875744-257A-4186-9D35-78B3970275F7}.Debug|Any CPU.Build.0 = Debug|Any CPU
		{B0875744-257A-4186-9D35-78B3970275F7}.Release|Any CPU.ActiveCfg = Release|Any CPU
		{B0875744-257A-4186-9D35-78B3970275F7}.Release|Any CPU.Build.0 = Release|Any CPU
		{7134710D-A5E1-4D5A-A742-885828DD5E09}.Debug|Any CPU.ActiveCfg = Debug|Any CPU
		{7134710D-A5E1-4D5A-A742-885828DD5E09}.Debug|Any CPU.Build.0 = Debug|Any CPU
		{7134710D-A5E1-4D5A-A742-885828DD5E09}.Release|Any CPU.ActiveCfg = Release|Any CPU
		{7134710D-A5E1-4D5A-A742-885828DD5E09}.Release|Any CPU.Build.0 = Release|Any CPU
		{EF744491-70F1-47FD-A1A0-286D5DCBFD22}.Debug|Any CPU.ActiveCfg = Debug|Any CPU
		{EF744491-70F1-47FD-A1A0-286D5DCBFD22}.Debug|Any CPU.Build.0 = Debug|Any CPU
		{EF744491-70F1-47FD-A1A0-286D5DCBFD22}.Release|Any CPU.ActiveCfg = Release|Any CPU
		{EF744491-70F1-47FD-A1A0-286D5DCBFD22}.Release|Any CPU.Build.0 = Release|Any CPU
		{6B914C91-B0D5-4B90-B861-66BE67500544}.Debug|Any CPU.ActiveCfg = Debug|Any CPU
		{6B914C91-B0D5-4B90-B861-66BE67500544}.Debug|Any CPU.Build.0 = Debug|Any CPU
		{6B914C91-B0D5-4B90-B861-66BE67500544}.Release|Any CPU.ActiveCfg = Release|Any CPU
		{6B914C91-B0D5-4B90-B861-66BE67500544}.Release|Any CPU.Build.0 = Release|Any CPU
		{7C8F8ACC-5534-4814-8CE6-2F6738AF665C}.Debug|Any CPU.ActiveCfg = Debug|Any CPU
		{7C8F8ACC-5534-4814-8CE6-2F6738AF665C}.Debug|Any CPU.Build.0 = Debug|Any CPU
		{7C8F8ACC-5534-4814-8CE6-2F6738AF665C}.Release|Any CPU.ActiveCfg = Release|Any CPU
		{7C8F8ACC-5534-4814-8CE6-2F6738AF665C}.Release|Any CPU.Build.0 = Release|Any CPU
		{DDE0EAF9-6E6D-481F-B671-2B7BFB31AE2C}.Debug|Any CPU.ActiveCfg = Debug|Any CPU
		{DDE0EAF9-6E6D-481F-B671-2B7BFB31AE2C}.Debug|Any CPU.Build.0 = Debug|Any CPU
		{DDE0EAF9-6E6D-481F-B671-2B7BFB31AE2C}.Release|Any CPU.ActiveCfg = Release|Any CPU
		{DDE0EAF9-6E6D-481F-B671-2B7BFB31AE2C}.Release|Any CPU.Build.0 = Release|Any CPU
		{2F7FB3B3-C50F-4DBE-8C05-F7A91B6F8415}.Debug|Any CPU.ActiveCfg = Debug|Any CPU
		{2F7FB3B3-C50F-4DBE-8C05-F7A91B6F8415}.Debug|Any CPU.Build.0 = Debug|Any CPU
		{2F7FB3B3-C50F-4DBE-8C05-F7A91B6F8415}.Release|Any CPU.ActiveCfg = Release|Any CPU
		{2F7FB3B3-C50F-4DBE-8C05-F7A91B6F8415}.Release|Any CPU.Build.0 = Release|Any CPU
	EndGlobalSection
	GlobalSection(SolutionProperties) = preSolution
		HideSolutionNode = FALSE
	EndGlobalSection
	GlobalSection(ExtensibilityGlobals) = postSolution
		SolutionGuid = {F430E038-01E3-45F6-BBFC-DF4289D679B2}
	EndGlobalSection
EndGlobal
