
Microsoft Visual Studio Solution File, Format Version 12.00
# Visual Studio Version 17
VisualStudioVersion = 17.7.34018.315
MinimumVisualStudioVersion = 10.0.40219.1
Project("{9A19103F-16F7-4668-BE54-9A1E7A4F7556}") = "MSS.WLIM.API", "MSS.WLIM.API\MSS.WLIM.API.csproj", "{B0875744-257A-4186-9D35-78B3970275F7}"
EndProject
Project("{9A19103F-16F7-4668-BE54-9A1E7A4F7556}") = "MSS.WLIM.LostItemRequest.API", "MSS.WLIM.LostItemRequest.API\MSS.WLIM.LostItemRequest.API.csproj", "{CC5F63FA-6235-4B2B-9EBA-ED017ED2E1D6}"
EndProject
Project("{9A19103F-16F7-4668-BE54-9A1E7A4F7556}") = "MSS.WLIM.DataServices", "MSS.WLIM.DataServices\MSS.WLIM.DataServices.csproj", "{52F24991-3277-4309-8484-185B46CA9A0A}"
EndProject
Global
	GlobalSection(SolutionConfigurationPlatforms) = preSolution
		Debug|Any CPU = Debug|Any CPU
		Release|Any CPU = Release|Any CPU
	EndGlobalSection
	GlobalSection(ProjectConfigurationPlatforms) = postSolution
		{B0875744-257A-4186-9D35-78B3970275F7}.Debug|Any CPU.ActiveCfg = Debug|Any CPU
		{B0875744-257A-4186-9D35-78B3970275F7}.Debug|Any CPU.Build.0 = Debug|Any CPU
		{B0875744-257A-4186-9D35-78B3970275F7}.Release|Any CPU.ActiveCfg = Release|Any CPU
		{B0875744-257A-4186-9D35-78B3970275F7}.Release|Any CPU.Build.0 = Release|Any CPU
		{CC5F63FA-6235-4B2B-9EBA-ED017ED2E1D6}.Debug|Any CPU.ActiveCfg = Debug|Any CPU
		{CC5F63FA-6235-4B2B-9EBA-ED017ED2E1D6}.Debug|Any CPU.Build.0 = Debug|Any CPU
		{CC5F63FA-6235-4B2B-9EBA-ED017ED2E1D6}.Release|Any CPU.ActiveCfg = Release|Any CPU
		{CC5F63FA-6235-4B2B-9EBA-ED017ED2E1D6}.Release|Any CPU.Build.0 = Release|Any CPU
		{52F24991-3277-4309-8484-185B46CA9A0A}.Debug|Any CPU.ActiveCfg = Debug|Any CPU
		{52F24991-3277-4309-8484-185B46CA9A0A}.Debug|Any CPU.Build.0 = Debug|Any CPU
		{52F24991-3277-4309-8484-185B46CA9A0A}.Release|Any CPU.ActiveCfg = Release|Any CPU
		{52F24991-3277-4309-8484-185B46CA9A0A}.Release|Any CPU.Build.0 = Release|Any CPU
	EndGlobalSection
	GlobalSection(SolutionProperties) = preSolution
		HideSolutionNode = FALSE
	EndGlobalSection
	GlobalSection(ExtensibilityGlobals) = postSolution
		SolutionGuid = {F430E038-01E3-45F6-BBFC-DF4289D679B2}
	EndGlobalSection
EndGlobal
